// !$*UTF8*$!
{
	archiveVersion = 1;
	classes = {
	};
	objectVersion = 51;
	objects = {

/* Begin PBXBuildFile section */
		A7FDB07922B9860D00169CB0 /* AppDelegate.swift in Sources */ = {isa = PBXBuildFile; fileRef = A7FDB07822B9860D00169CB0 /* AppDelegate.swift */; };
		A7FDB07B22B9860D00169CB0 /* BeginRunVC.swift in Sources */ = {isa = PBXBuildFile; fileRef = A7FDB07A22B9860D00169CB0 /* BeginRunVC.swift */; };
		A7FDB07D22B9860D00169CB0 /* RunLogVC.swift in Sources */ = {isa = PBXBuildFile; fileRef = A7FDB07C22B9860D00169CB0 /* RunLogVC.swift */; };
		A7FDB08022B9860D00169CB0 /* Main.storyboard in Resources */ = {isa = PBXBuildFile; fileRef = A7FDB07E22B9860D00169CB0 /* Main.storyboard */; };
		A7FDB08222B9860F00169CB0 /* Assets.xcassets in Resources */ = {isa = PBXBuildFile; fileRef = A7FDB08122B9860F00169CB0 /* Assets.xcassets */; };
		A7FDB08522B9860F00169CB0 /* LaunchScreen.storyboard in Resources */ = {isa = PBXBuildFile; fileRef = A7FDB08322B9860F00169CB0 /* LaunchScreen.storyboard */; };
		A7FDB09322B99A0400169CB0 /* CurrentRunVC.swift in Sources */ = {isa = PBXBuildFile; fileRef = A7FDB09222B99A0400169CB0 /* CurrentRunVC.swift */; };
		A7FDB09522B99BDD00169CB0 /* LocationVC.swift in Sources */ = {isa = PBXBuildFile; fileRef = A7FDB09422B99BDD00169CB0 /* LocationVC.swift */; };
		A7FDB09722B9AA2F00169CB0 /* Extensions.swift in Sources */ = {isa = PBXBuildFile; fileRef = A7FDB09622B9AA2F00169CB0 /* Extensions.swift */; };
		A7FDB09922B9EA6300169CB0 /* Run.swift in Sources */ = {isa = PBXBuildFile; fileRef = A7FDB09822B9EA6300169CB0 /* Run.swift */; };
		A7FDB09B22B9F5C800169CB0 /* Constants.swift in Sources */ = {isa = PBXBuildFile; fileRef = A7FDB09A22B9F5C800169CB0 /* Constants.swift */; };
		B92FD599E8D7E12EDE7E9CA3 /* Pods_realmApp.framework in Frameworks */ = {isa = PBXBuildFile; fileRef = D503EBC57555258984D9A4DD /* Pods_realmApp.framework */; };
/* End PBXBuildFile section */

/* Begin PBXFileReference section */
		54CF36E28304C192CEB5753C /* Pods-realmApp.debug.xcconfig */ = {isa = PBXFileReference; includeInIndex = 1; lastKnownFileType = text.xcconfig; name = "Pods-realmApp.debug.xcconfig"; path = "Target Support Files/Pods-realmApp/Pods-realmApp.debug.xcconfig"; sourceTree = "<group>"; };
		60075894931A1B7395132FA9 /* Pods-realmApp.release.xcconfig */ = {isa = PBXFileReference; includeInIndex = 1; lastKnownFileType = text.xcconfig; name = "Pods-realmApp.release.xcconfig"; path = "Target Support Files/Pods-realmApp/Pods-realmApp.release.xcconfig"; sourceTree = "<group>"; };
		A7FDB07522B9860D00169CB0 /* realmApp.app */ = {isa = PBXFileReference; explicitFileType = wrapper.application; includeInIndex = 0; path = realmApp.app; sourceTree = BUILT_PRODUCTS_DIR; };
		A7FDB07822B9860D00169CB0 /* AppDelegate.swift */ = {isa = PBXFileReference; lastKnownFileType = sourcecode.swift; path = AppDelegate.swift; sourceTree = "<group>"; };
		A7FDB07A22B9860D00169CB0 /* BeginRunVC.swift */ = {isa = PBXFileReference; lastKnownFileType = sourcecode.swift; path = BeginRunVC.swift; sourceTree = "<group>"; };
		A7FDB07C22B9860D00169CB0 /* RunLogVC.swift */ = {isa = PBXFileReference; lastKnownFileType = sourcecode.swift; path = RunLogVC.swift; sourceTree = "<group>"; };
		A7FDB07F22B9860D00169CB0 /* Base */ = {isa = PBXFileReference; lastKnownFileType = file.storyboard; name = Base; path = Base.lproj/Main.storyboard; sourceTree = "<group>"; };
		A7FDB08122B9860F00169CB0 /* Assets.xcassets */ = {isa = PBXFileReference; lastKnownFileType = folder.assetcatalog; path = Assets.xcassets; sourceTree = "<group>"; };
		A7FDB08422B9860F00169CB0 /* Base */ = {isa = PBXFileReference; lastKnownFileType = file.storyboard; name = Base; path = Base.lproj/LaunchScreen.storyboard; sourceTree = "<group>"; };
		A7FDB08622B9860F00169CB0 /* Info.plist */ = {isa = PBXFileReference; lastKnownFileType = text.plist.xml; path = Info.plist; sourceTree = "<group>"; };
		A7FDB09222B99A0400169CB0 /* CurrentRunVC.swift */ = {isa = PBXFileReference; lastKnownFileType = sourcecode.swift; path = CurrentRunVC.swift; sourceTree = "<group>"; };
		A7FDB09422B99BDD00169CB0 /* LocationVC.swift */ = {isa = PBXFileReference; lastKnownFileType = sourcecode.swift; path = LocationVC.swift; sourceTree = "<group>"; };
		A7FDB09622B9AA2F00169CB0 /* Extensions.swift */ = {isa = PBXFileReference; lastKnownFileType = sourcecode.swift; path = Extensions.swift; sourceTree = "<group>"; };
		A7FDB09822B9EA6300169CB0 /* Run.swift */ = {isa = PBXFileReference; lastKnownFileType = sourcecode.swift; path = Run.swift; sourceTree = "<group>"; };
		A7FDB09A22B9F5C800169CB0 /* Constants.swift */ = {isa = PBXFileReference; lastKnownFileType = sourcecode.swift; path = Constants.swift; sourceTree = "<group>"; };
		D503EBC57555258984D9A4DD /* Pods_realmApp.framework */ = {isa = PBXFileReference; explicitFileType = wrapper.framework; includeInIndex = 0; path = Pods_realmApp.framework; sourceTree = BUILT_PRODUCTS_DIR; };
/* End PBXFileReference section */

/* Begin PBXFrameworksBuildPhase section */
		A7FDB07222B9860D00169CB0 /* Frameworks */ = {
			isa = PBXFrameworksBuildPhase;
			buildActionMask = 2147483647;
			files = (
				B92FD599E8D7E12EDE7E9CA3 /* Pods_realmApp.framework in Frameworks */,
			);
			runOnlyForDeploymentPostprocessing = 0;
		};
/* End PBXFrameworksBuildPhase section */

/* Begin PBXGroup section */
		2E9410B7497B890BF54EB53A /* Pods */ = {
			isa = PBXGroup;
			children = (
				54CF36E28304C192CEB5753C /* Pods-realmApp.debug.xcconfig */,
				60075894931A1B7395132FA9 /* Pods-realmApp.release.xcconfig */,
			);
			path = Pods;
			sourceTree = "<group>";
		};
		376ED3977DEFD724CA216EFB /* Frameworks */ = {
			isa = PBXGroup;
			children = (
				D503EBC57555258984D9A4DD /* Pods_realmApp.framework */,
			);
			name = Frameworks;
			sourceTree = "<group>";
		};
		A7FDB06C22B9860D00169CB0 = {
			isa = PBXGroup;
			children = (
				A7FDB07722B9860D00169CB0 /* realmApp */,
				A7FDB07622B9860D00169CB0 /* Products */,
				2E9410B7497B890BF54EB53A /* Pods */,
				376ED3977DEFD724CA216EFB /* Frameworks */,
			);
			sourceTree = "<group>";
		};
		A7FDB07622B9860D00169CB0 /* Products */ = {
			isa = PBXGroup;
			children = (
				A7FDB07522B9860D00169CB0 /* realmApp.app */,
			);
			name = Products;
			sourceTree = "<group>";
		};
		A7FDB07722B9860D00169CB0 /* realmApp */ = {
			isa = PBXGroup;
			children = (
				A7FDB09122B9881E00169CB0 /* Model */,
				A7FDB09022B9881800169CB0 /* View */,
				A7FDB08F22B9881000169CB0 /* Controller */,
				A7FDB08E22B9880600169CB0 /* Utilities */,
				A7FDB08D22B987FC00169CB0 /* Extensions */,
				A7FDB08C22B987D800169CB0 /* Resources */,
				A7FDB07822B9860D00169CB0 /* AppDelegate.swift */,
				A7FDB07E22B9860D00169CB0 /* Main.storyboard */,
				A7FDB08122B9860F00169CB0 /* Assets.xcassets */,
				A7FDB08322B9860F00169CB0 /* LaunchScreen.storyboard */,
				A7FDB08622B9860F00169CB0 /* Info.plist */,
			);
			path = realmApp;
			sourceTree = "<group>";
		};
		A7FDB08C22B987D800169CB0 /* Resources */ = {
			isa = PBXGroup;
			children = (
			);
			path = Resources;
			sourceTree = "<group>";
		};
		A7FDB08D22B987FC00169CB0 /* Extensions */ = {
			isa = PBXGroup;
			children = (
				A7FDB09622B9AA2F00169CB0 /* Extensions.swift */,
			);
			path = Extensions;
			sourceTree = "<group>";
		};
		A7FDB08E22B9880600169CB0 /* Utilities */ = {
			isa = PBXGroup;
			children = (
				A7FDB09A22B9F5C800169CB0 /* Constants.swift */,
			);
			path = Utilities;
			sourceTree = "<group>";
		};
		A7FDB08F22B9881000169CB0 /* Controller */ = {
			isa = PBXGroup;
			children = (
				A7FDB09422B99BDD00169CB0 /* LocationVC.swift */,
				A7FDB07A22B9860D00169CB0 /* BeginRunVC.swift */,
				A7FDB07C22B9860D00169CB0 /* RunLogVC.swift */,
				A7FDB09222B99A0400169CB0 /* CurrentRunVC.swift */,
			);
			path = Controller;
			sourceTree = "<group>";
		};
		A7FDB09022B9881800169CB0 /* View */ = {
			isa = PBXGroup;
			children = (
			);
			path = View;
			sourceTree = "<group>";
		};
		A7FDB09122B9881E00169CB0 /* Model */ = {
			isa = PBXGroup;
			children = (
				A7FDB09822B9EA6300169CB0 /* Run.swift */,
			);
			path = Model;
			sourceTree = "<group>";
		};
/* End PBXGroup section */

/* Begin PBXNativeTarget section */
		A7FDB07422B9860D00169CB0 /* realmApp */ = {
			isa = PBXNativeTarget;
			buildConfigurationList = A7FDB08922B9860F00169CB0 /* Build configuration list for PBXNativeTarget "realmApp" */;
			buildPhases = (
				C819A65CE23DF845C527404C /* [CP] Check Pods Manifest.lock */,
				A7FDB07122B9860D00169CB0 /* Sources */,
				A7FDB07222B9860D00169CB0 /* Frameworks */,
				A7FDB07322B9860D00169CB0 /* Resources */,
				C88908C9BC9474DB09DA96A7 /* [CP] Embed Pods Frameworks */,
			);
			buildRules = (
			);
			dependencies = (
			);
			name = realmApp;
			productName = realmApp;
			productReference = A7FDB07522B9860D00169CB0 /* realmApp.app */;
			productType = "com.apple.product-type.application";
		};
/* End PBXNativeTarget section */

/* Begin PBXProject section */
		A7FDB06D22B9860D00169CB0 /* Project object */ = {
			isa = PBXProject;
			attributes = {
				LastSwiftUpdateCheck = 1020;
				LastUpgradeCheck = 1020;
				ORGANIZATIONNAME = "Stephenson Ang";
				TargetAttributes = {
					A7FDB07422B9860D00169CB0 = {
						CreatedOnToolsVersion = 10.2.1;
					};
				};
			};
			buildConfigurationList = A7FDB07022B9860D00169CB0 /* Build configuration list for PBXProject "realmApp" */;
			compatibilityVersion = "Xcode 9.3";
			developmentRegion = en;
			hasScannedForEncodings = 0;
			knownRegions = (
				en,
				Base,
			);
			mainGroup = A7FDB06C22B9860D00169CB0;
			productRefGroup = A7FDB07622B9860D00169CB0 /* Products */;
			projectDirPath = "";
			projectRoot = "";
			targets = (
				A7FDB07422B9860D00169CB0 /* realmApp */,
			);
		};
/* End PBXProject section */

/* Begin PBXResourcesBuildPhase section */
		A7FDB07322B9860D00169CB0 /* Resources */ = {
			isa = PBXResourcesBuildPhase;
			buildActionMask = 2147483647;
			files = (
				A7FDB08522B9860F00169CB0 /* LaunchScreen.storyboard in Resources */,
				A7FDB08222B9860F00169CB0 /* Assets.xcassets in Resources */,
				A7FDB08022B9860D00169CB0 /* Main.storyboard in Resources */,
			);
			runOnlyForDeploymentPostprocessing = 0;
		};
/* End PBXResourcesBuildPhase section */

/* Begin PBXShellScriptBuildPhase section */
		C819A65CE23DF845C527404C /* [CP] Check Pods Manifest.lock */ = {
			isa = PBXShellScriptBuildPhase;
			buildActionMask = 2147483647;
			files = (
			);
			inputFileListPaths = (
			);
			inputPaths = (
				"${PODS_PODFILE_DIR_PATH}/Podfile.lock",
				"${PODS_ROOT}/Manifest.lock",
			);
			name = "[CP] Check Pods Manifest.lock";
			outputFileListPaths = (
			);
			outputPaths = (
				"$(DERIVED_FILE_DIR)/Pods-realmApp-checkManifestLockResult.txt",
			);
			runOnlyForDeploymentPostprocessing = 0;
			shellPath = /bin/sh;
			shellScript = "diff \"${PODS_PODFILE_DIR_PATH}/Podfile.lock\" \"${PODS_ROOT}/Manifest.lock\" > /dev/null\nif [ $? != 0 ] ; then\n    # print error to STDERR\n    echo \"error: The sandbox is not in sync with the Podfile.lock. Run 'pod install' or update your CocoaPods installation.\" >&2\n    exit 1\nfi\n# This output is used by Xcode 'outputs' to avoid re-running this script phase.\necho \"SUCCESS\" > \"${SCRIPT_OUTPUT_FILE_0}\"\n";
			showEnvVarsInLog = 0;
		};
		C88908C9BC9474DB09DA96A7 /* [CP] Embed Pods Frameworks */ = {
			isa = PBXShellScriptBuildPhase;
			buildActionMask = 2147483647;
			files = (
			);
			inputFileListPaths = (
				"${PODS_ROOT}/Target Support Files/Pods-realmApp/Pods-realmApp-frameworks-${CONFIGURATION}-input-files.xcfilelist",
			);
			name = "[CP] Embed Pods Frameworks";
			outputFileListPaths = (
				"${PODS_ROOT}/Target Support Files/Pods-realmApp/Pods-realmApp-frameworks-${CONFIGURATION}-output-files.xcfilelist",
			);
			runOnlyForDeploymentPostprocessing = 0;
			shellPath = /bin/sh;
			shellScript = "\"${PODS_ROOT}/Target Support Files/Pods-realmApp/Pods-realmApp-frameworks.sh\"\n";
			showEnvVarsInLog = 0;
		};
/* End PBXShellScriptBuildPhase section */

/* Begin PBXSourcesBuildPhase section */
		A7FDB07122B9860D00169CB0 /* Sources */ = {
			isa = PBXSourcesBuildPhase;
			buildActionMask = 2147483647;
			files = (
				A7FDB09522B99BDD00169CB0 /* LocationVC.swift in Sources */,
				A7FDB09722B9AA2F00169CB0 /* Extensions.swift in Sources */,
				A7FDB07D22B9860D00169CB0 /* RunLogVC.swift in Sources */,
				A7FDB07922B9860D00169CB0 /* AppDelegate.swift in Sources */,
				A7FDB09322B99A0400169CB0 /* CurrentRunVC.swift in Sources */,
				A7FDB09922B9EA6300169CB0 /* Run.swift in Sources */,
				A7FDB07B22B9860D00169CB0 /* BeginRunVC.swift in Sources */,
				A7FDB09B22B9F5C800169CB0 /* Constants.swift in Sources */,
			);
			runOnlyForDeploymentPostprocessing = 0;
		};
/* End PBXSourcesBuildPhase section */

/* Begin PBXVariantGroup section */
		A7FDB07E22B9860D00169CB0 /* Main.storyboard */ = {
			isa = PBXVariantGroup;
			children = (
				A7FDB07F22B9860D00169CB0 /* Base */,
			);
			name = Main.storyboard;
			sourceTree = "<group>";
		};
		A7FDB08322B9860F00169CB0 /* LaunchScreen.storyboard */ = {
			isa = PBXVariantGroup;
			children = (
				A7FDB08422B9860F00169CB0 /* Base */,
			);
			name = LaunchScreen.storyboard;
			sourceTree = "<group>";
		};
/* End PBXVariantGroup section */

/* Begin XCBuildConfiguration section */
		A7FDB08722B9860F00169CB0 /* Debug */ = {
			isa = XCBuildConfiguration;
			buildSettings = {
				ALWAYS_SEARCH_USER_PATHS = NO;
				CLANG_ANALYZER_NONNULL = YES;
				CLANG_ANALYZER_NUMBER_OBJECT_CONVERSION = YES_AGGRESSIVE;
				CLANG_CXX_LANGUAGE_STANDARD = "gnu++14";
				CLANG_CXX_LIBRARY = "libc++";
				CLANG_ENABLE_MODULES = YES;
				CLANG_ENABLE_OBJC_ARC = YES;
				CLANG_ENABLE_OBJC_WEAK = YES;
				CLANG_WARN_BLOCK_CAPTURE_AUTORELEASING = YES;
				CLANG_WARN_BOOL_CONVERSION = YES;
				CLANG_WARN_COMMA = YES;
				CLANG_WARN_CONSTANT_CONVERSION = YES;
				CLANG_WARN_DEPRECATED_OBJC_IMPLEMENTATIONS = YES;
				CLANG_WARN_DIRECT_OBJC_ISA_USAGE = YES_ERROR;
				CLANG_WARN_DOCUMENTATION_COMMENTS = YES;
				CLANG_WARN_EMPTY_BODY = YES;
				CLANG_WARN_ENUM_CONVERSION = YES;
				CLANG_WARN_INFINITE_RECURSION = YES;
				CLANG_WARN_INT_CONVERSION = YES;
				CLANG_WARN_NON_LITERAL_NULL_CONVERSION = YES;
				CLANG_WARN_OBJC_IMPLICIT_RETAIN_SELF = YES;
				CLANG_WARN_OBJC_LITERAL_CONVERSION = YES;
				CLANG_WARN_OBJC_ROOT_CLASS = YES_ERROR;
				CLANG_WARN_RANGE_LOOP_ANALYSIS = YES;
				CLANG_WARN_STRICT_PROTOTYPES = YES;
				CLANG_WARN_SUSPICIOUS_MOVE = YES;
				CLANG_WARN_UNGUARDED_AVAILABILITY = YES_AGGRESSIVE;
				CLANG_WARN_UNREACHABLE_CODE = YES;
				CLANG_WARN__DUPLICATE_METHOD_MATCH = YES;
				CODE_SIGN_IDENTITY = "iPhone Developer";
				COPY_PHASE_STRIP = NO;
				DEBUG_INFORMATION_FORMAT = dwarf;
				ENABLE_STRICT_OBJC_MSGSEND = YES;
				ENABLE_TESTABILITY = YES;
				GCC_C_LANGUAGE_STANDARD = gnu11;
				GCC_DYNAMIC_NO_PIC = NO;
				GCC_NO_COMMON_BLOCKS = YES;
				GCC_OPTIMIZATION_LEVEL = 0;
				GCC_PREPROCESSOR_DEFINITIONS = (
					"DEBUG=1",
					"$(inherited)",
				);
				GCC_WARN_64_TO_32_BIT_CONVERSION = YES;
				GCC_WARN_ABOUT_RETURN_TYPE = YES_ERROR;
				GCC_WARN_UNDECLARED_SELECTOR = YES;
				GCC_WARN_UNINITIALIZED_AUTOS = YES_AGGRESSIVE;
				GCC_WARN_UNUSED_FUNCTION = YES;
				GCC_WARN_UNUSED_VARIABLE = YES;
				IPHONEOS_DEPLOYMENT_TARGET = 12.2;
				MTL_ENABLE_DEBUG_INFO = INCLUDE_SOURCE;
				MTL_FAST_MATH = YES;
				ONLY_ACTIVE_ARCH = YES;
				SDKROOT = iphoneos;
				SWIFT_ACTIVE_COMPILATION_CONDITIONS = DEBUG;
				SWIFT_OPTIMIZATION_LEVEL = "-Onone";
			};
			name = Debug;
		};
		A7FDB08822B9860F00169CB0 /* Release */ = {
			isa = XCBuildConfiguration;
			buildSettings = {
				ALWAYS_SEARCH_USER_PATHS = NO;
				CLANG_ANALYZER_NONNULL = YES;
				CLANG_ANALYZER_NUMBER_OBJECT_CONVERSION = YES_AGGRESSIVE;
				CLANG_CXX_LANGUAGE_STANDARD = "gnu++14";
				CLANG_CXX_LIBRARY = "libc++";
				CLANG_ENABLE_MODULES = YES;
				CLANG_ENABLE_OBJC_ARC = YES;
				CLANG_ENABLE_OBJC_WEAK = YES;
				CLANG_WARN_BLOCK_CAPTURE_AUTORELEASING = YES;
				CLANG_WARN_BOOL_CONVERSION = YES;
				CLANG_WARN_COMMA = YES;
				CLANG_WARN_CONSTANT_CONVERSION = YES;
				CLANG_WARN_DEPRECATED_OBJC_IMPLEMENTATIONS = YES;
				CLANG_WARN_DIRECT_OBJC_ISA_USAGE = YES_ERROR;
				CLANG_WARN_DOCUMENTATION_COMMENTS = YES;
				CLANG_WARN_EMPTY_BODY = YES;
				CLANG_WARN_ENUM_CONVERSION = YES;
				CLANG_WARN_INFINITE_RECURSION = YES;
				CLANG_WARN_INT_CONVERSION = YES;
				CLANG_WARN_NON_LITERAL_NULL_CONVERSION = YES;
				CLANG_WARN_OBJC_IMPLICIT_RETAIN_SELF = YES;
				CLANG_WARN_OBJC_LITERAL_CONVERSION = YES;
				CLANG_WARN_OBJC_ROOT_CLASS = YES_ERROR;
				CLANG_WARN_RANGE_LOOP_ANALYSIS = YES;
				CLANG_WARN_STRICT_PROTOTYPES = YES;
				CLANG_WARN_SUSPICIOUS_MOVE = YES;
				CLANG_WARN_UNGUARDED_AVAILABILITY = YES_AGGRESSIVE;
				CLANG_WARN_UNREACHABLE_CODE = YES;
				CLANG_WARN__DUPLICATE_METHOD_MATCH = YES;
				CODE_SIGN_IDENTITY = "iPhone Developer";
				COPY_PHASE_STRIP = NO;
				DEBUG_INFORMATION_FORMAT = "dwarf-with-dsym";
				ENABLE_NS_ASSERTIONS = NO;
				ENABLE_STRICT_OBJC_MSGSEND = YES;
				GCC_C_LANGUAGE_STANDARD = gnu11;
				GCC_NO_COMMON_BLOCKS = YES;
				GCC_WARN_64_TO_32_BIT_CONVERSION = YES;
				GCC_WARN_ABOUT_RETURN_TYPE = YES_ERROR;
				GCC_WARN_UNDECLARED_SELECTOR = YES;
				GCC_WARN_UNINITIALIZED_AUTOS = YES_AGGRESSIVE;
				GCC_WARN_UNUSED_FUNCTION = YES;
				GCC_WARN_UNUSED_VARIABLE = YES;
				IPHONEOS_DEPLOYMENT_TARGET = 12.2;
				MTL_ENABLE_DEBUG_INFO = NO;
				MTL_FAST_MATH = YES;
				SDKROOT = iphoneos;
				SWIFT_COMPILATION_MODE = wholemodule;
				SWIFT_OPTIMIZATION_LEVEL = "-O";
				VALIDATE_PRODUCT = YES;
			};
			name = Release;
		};
		A7FDB08A22B9860F00169CB0 /* Debug */ = {
			isa = XCBuildConfiguration;
			baseConfigurationReference = 54CF36E28304C192CEB5753C /* Pods-realmApp.debug.xcconfig */;
			buildSettings = {
				ASSETCATALOG_COMPILER_APPICON_NAME = AppIcon;
				CODE_SIGN_STYLE = Automatic;
				DEVELOPMENT_TEAM = FZZ4V5CW2H;
				INFOPLIST_FILE = realmApp/Info.plist;
				LD_RUNPATH_SEARCH_PATHS = (
					"$(inherited)",
					"@executable_path/Frameworks",
				);
				PRODUCT_BUNDLE_IDENTIFIER = com.stephensonang.realmApp;
				PRODUCT_NAME = "$(TARGET_NAME)";
				SWIFT_VERSION = 5.0;
				TARGETED_DEVICE_FAMILY = "1,2";
			};
			name = Debug;
		};
		A7FDB08B22B9860F00169CB0 /* Release */ = {
			isa = XCBuildConfiguration;
			baseConfigurationReference = 60075894931A1B7395132FA9 /* Pods-realmApp.release.xcconfig */;
			buildSettings = {
				ASSETCATALOG_COMPILER_APPICON_NAME = AppIcon;
				CODE_SIGN_STYLE = Automatic;
				DEVELOPMENT_TEAM = FZZ4V5CW2H;
				INFOPLIST_FILE = realmApp/Info.plist;
				LD_RUNPATH_SEARCH_PATHS = (
					"$(inherited)",
					"@executable_path/Frameworks",
				);
				PRODUCT_BUNDLE_IDENTIFIER = com.stephensonang.realmApp;
				PRODUCT_NAME = "$(TARGET_NAME)";
				SWIFT_VERSION = 5.0;
				TARGETED_DEVICE_FAMILY = "1,2";
			};
			name = Release;
		};
/* End XCBuildConfiguration section */

/* Begin XCConfigurationList section */
		A7FDB07022B9860D00169CB0 /* Build configuration list for PBXProject "realmApp" */ = {
			isa = XCConfigurationList;
			buildConfigurations = (
				A7FDB08722B9860F00169CB0 /* Debug */,
				A7FDB08822B9860F00169CB0 /* Release */,
			);
			defaultConfigurationIsVisible = 0;
			defaultConfigurationName = Release;
		};
		A7FDB08922B9860F00169CB0 /* Build configuration list for PBXNativeTarget "realmApp" */ = {
			isa = XCConfigurationList;
			buildConfigurations = (
				A7FDB08A22B9860F00169CB0 /* Debug */,
				A7FDB08B22B9860F00169CB0 /* Release */,
			);
			defaultConfigurationIsVisible = 0;
			defaultConfigurationName = Release;
		};
/* End XCConfigurationList section */
	};
	rootObject = A7FDB06D22B9860D00169CB0 /* Project object */;
}
